#MicroXplorer Configuration settings - do not modify
ADC4.Channel-0\#ChannelRegularConversion=ADC_CHANNEL_4
ADC4.Channel-1\#ChannelRegularConversion=ADC_CHANNEL_5
ADC4.ClockPrescaler=ADC_CLOCK_SYNC_PCLK_DIV4
ADC4.CommonPathInternal=null|null|null|null
ADC4.DMAContinuousRequests=ENABLE
ADC4.ExternalTrigConv=ADC_EXTERNALTRIG_T1_TRGO2
ADC4.IPParameters=Rank-0\#ChannelRegularConversion,Channel-0\#ChannelRegularConversion,SamplingTime-0\#ChannelRegularConversion,OffsetNumber-0\#ChannelRegularConversion,NbrOfConversionFlag,ClockPrescaler,Rank-1\#ChannelRegularConversion,Channel-1\#ChannelRegularConversion,SamplingTime-1\#ChannelRegularConversion,OffsetNumber-1\#ChannelRegularConversion,NbrOfConversion,DMAContinuousRequests,ExternalTrigConv,CommonPathInternal
ADC4.NbrOfConversion=2
ADC4.NbrOfConversionFlag=1
ADC4.OffsetNumber-0\#ChannelRegularConversion=ADC_OFFSET_NONE
ADC4.OffsetNumber-1\#ChannelRegularConversion=ADC_OFFSET_NONE
ADC4.Rank-0\#ChannelRegularConversion=1
ADC4.Rank-1\#ChannelRegularConversion=2
ADC4.SamplingTime-0\#ChannelRegularConversion=ADC_SAMPLETIME_2CYCLES_5
ADC4.SamplingTime-1\#ChannelRegularConversion=ADC_SAMPLETIME_2CYCLES_5
CAD.formats=
CAD.pinconfig=
CAD.provider=
Dma.ADC4.0.Direction=DMA_PERIPH_TO_MEMORY
Dma.ADC4.0.EventEnable=DISABLE
Dma.ADC4.0.Instance=DMA1_Channel1
Dma.ADC4.0.MemDataAlignment=DMA_MDATAALIGN_HALFWORD
Dma.ADC4.0.MemInc=DMA_MINC_ENABLE
Dma.ADC4.0.Mode=DMA_CIRCULAR
Dma.ADC4.0.PeriphDataAlignment=DMA_PDATAALIGN_HALFWORD
Dma.ADC4.0.PeriphInc=DMA_PINC_DISABLE
Dma.ADC4.0.Polarity=HAL_DMAMUX_REQ_GEN_RISING
Dma.ADC4.0.Priority=DMA_PRIORITY_LOW
Dma.ADC4.0.RequestNumber=1
Dma.ADC4.0.RequestParameters=Instance,Direction,PeriphInc,MemInc,PeriphDataAlignment,MemDataAlignment,Mode,Priority,SignalID,Polarity,RequestNumber,SyncSignalID,SyncPolarity,SyncEnable,EventEnable,SyncRequestNumber
Dma.ADC4.0.SignalID=NONE
Dma.ADC4.0.SyncEnable=DISABLE
Dma.ADC4.0.SyncPolarity=HAL_DMAMUX_SYNC_NO_EVENT
Dma.ADC4.0.SyncRequestNumber=1
Dma.ADC4.0.SyncSignalID=NONE
Dma.Request0=ADC4
Dma.RequestsNb=1
FMC.AddressSetupTime1=1
FMC.BusTurnAroundDuration1=1
FMC.DataHoldTime1=1
FMC.DataSetupTime1=1
FMC.IPParameters=AddressSetupTime1,DataSetupTime1,DataHoldTime1,BusTurnAroundDuration1
File.Version=6
GPIO.groupedBy=Group By Peripherals
KeepUserPlacement=false
Mcu.CPN=STM32G474QET6
Mcu.Family=STM32G4
Mcu.IP0=ADC4
Mcu.IP1=DMA
Mcu.IP10=USART1
Mcu.IP11=USART3
Mcu.IP2=FMC
Mcu.IP3=NVIC
Mcu.IP4=RCC
Mcu.IP5=RNG
Mcu.IP6=SYS
Mcu.IP7=TIM1
Mcu.IP8=TIM4
Mcu.IP9=TIM6
Mcu.IPNb=12
Mcu.Name=STM32G474Q(B-C-E)Tx
Mcu.Package=LQFP128
Mcu.Pin0=PC13
Mcu.Pin1=PC14-OSC32_IN
Mcu.Pin10=PF2
Mcu.Pin11=PE7
Mcu.Pin12=PE8
Mcu.Pin13=PE9
Mcu.Pin14=PE10
Mcu.Pin15=PE11
Mcu.Pin16=PE12
Mcu.Pin17=PE13
Mcu.Pin18=PE14
Mcu.Pin19=PE15
Mcu.Pin2=PC15-OSC32_OUT
Mcu.Pin20=PB14
Mcu.Pin21=PB15
Mcu.Pin22=PD8
Mcu.Pin23=PD9
Mcu.Pin24=PD10
Mcu.Pin25=PD14
Mcu.Pin26=PD15
Mcu.Pin27=PG0
Mcu.Pin28=PG1
Mcu.Pin29=PA10
Mcu.Pin3=PF3
Mcu.Pin30=PC12
Mcu.Pin31=PG5
Mcu.Pin32=PG6
Mcu.Pin33=PG8
Mcu.Pin34=PG9
Mcu.Pin35=PD0
Mcu.Pin36=PD1
Mcu.Pin37=PD2
Mcu.Pin38=PD4
Mcu.Pin39=PD5
Mcu.Pin4=PF4
Mcu.Pin40=PD7
Mcu.Pin41=PB6
Mcu.Pin42=PB8-BOOT0
Mcu.Pin43=PB9
Mcu.Pin44=PE0
Mcu.Pin45=VP_RNG_VS_RNG
Mcu.Pin46=VP_SYS_VS_Systick
Mcu.Pin47=VP_SYS_VS_DBSignals
Mcu.Pin48=VP_TIM1_VS_ClockSourceINT
Mcu.Pin49=VP_TIM4_VS_ClockSourceINT
Mcu.Pin5=PF5
Mcu.Pin50=VP_TIM6_VS_ClockSourceINT
Mcu.Pin6=PC0
Mcu.Pin7=PC1
Mcu.Pin8=PC2
Mcu.Pin9=PC3
Mcu.PinsNb=51
Mcu.ThirdPartyNb=0
Mcu.UserConstants=
Mcu.UserName=STM32G474QETx
MxCube.Version=6.17.0
MxDb.Version=DB.6.0.170
NVIC.BusFault_IRQn=true\:0\:0\:false\:false\:true\:false\:false\:false
NVIC.DMA1_Channel1_IRQn=true\:0\:0\:false\:false\:true\:false\:true\:true
NVIC.DebugMonitor_IRQn=true\:0\:0\:false\:false\:true\:false\:false\:false
NVIC.ForceEnableDMAVector=true
NVIC.HardFault_IRQn=true\:0\:0\:false\:false\:true\:false\:false\:false
NVIC.MemoryManagement_IRQn=true\:0\:0\:false\:false\:true\:false\:false\:false
NVIC.NonMaskableInt_IRQn=true\:0\:0\:false\:false\:true\:false\:false\:false
NVIC.PendSV_IRQn=true\:0\:0\:false\:false\:true\:false\:false\:false
NVIC.PriorityGroup=NVIC_PRIORITYGROUP_4
NVIC.SVCall_IRQn=true\:0\:0\:false\:false\:true\:false\:false\:false
NVIC.SysTick_IRQn=true\:14\:0\:true\:false\:true\:false\:true\:false
NVIC.TIM6_DAC_IRQn=true\:0\:0\:false\:false\:true\:true\:true\:true
NVIC.USART1_IRQn=true\:0\:0\:false\:false\:true\:true\:true\:true
NVIC.USART3_IRQn=true\:0\:0\:false\:false\:true\:true\:true\:true
NVIC.UsageFault_IRQn=true\:0\:0\:false\:false\:true\:false\:false\:false
PA10.Locked=true
PA10.Mode=Asynchronous
PA10.Signal=USART1_RX
PB14.Locked=true
PB14.Mode=IN4-Single-Ended
PB14.Signal=ADC4_IN4
PB15.Locked=true
PB15.Mode=IN5-Single-Ended
PB15.Signal=ADC4_IN5
PB6.Locked=true
PB6.Signal=S_TIM4_CH1
PB8-BOOT0.Locked=true
PB8-BOOT0.Mode=Asynchronous
PB8-BOOT0.Signal=USART3_RX
PB9.Locked=true
PB9.Mode=Asynchronous
PB9.Signal=USART3_TX
PC0.Locked=true
PC0.Signal=GPIO_Output
PC1.Locked=true
PC1.Signal=GPIO_Output
PC12.Locked=true
PC12.Signal=UART5_TX
PC13.GPIOParameters=GPIO_PuPd
PC13.GPIO_PuPd=GPIO_PULLUP
PC13.Locked=true
PC13.Signal=GPIO_Input
PC14-OSC32_IN.GPIOParameters=GPIO_PuPd
PC14-OSC32_IN.GPIO_PuPd=GPIO_PULLUP
PC14-OSC32_IN.Locked=true
PC14-OSC32_IN.Signal=GPIO_Input
PC15-OSC32_OUT.GPIOParameters=GPIO_PuPd
PC15-OSC32_OUT.GPIO_PuPd=GPIO_PULLUP
PC15-OSC32_OUT.Locked=true
PC15-OSC32_OUT.Signal=GPIO_Input
PC2.Locked=true
PC2.Signal=GPIO_Output
PC3.Locked=true
PC3.Signal=GPIO_Output
PD0.Locked=true
PD0.Signal=FMC_D2_DA2
PD1.Locked=true
PD1.Signal=FMC_D3_DA3
PD10.Locked=true
PD10.Signal=FMC_D15_DA15
PD14.Locked=true
PD14.Signal=FMC_D0_DA0
PD15.Locked=true
PD15.Signal=FMC_D1_DA1
PD2.Locked=true
PD2.Signal=UART5_RX
PD4.Locked=true
PD4.Signal=FMC_NOE
PD5.Locked=true
PD5.Signal=FMC_NWE
PD7.Locked=true
PD7.Mode=NorPsramChipSelect1_1
PD7.Signal=FMC_NE1
PD8.Locked=true
PD8.Signal=FMC_D13_DA13
PD9.Locked=true
PD9.Signal=FMC_D14_DA14
PE0.Locked=true
PE0.Signal=GPIO_Output
PE10.Locked=true
PE10.Signal=FMC_D7_DA7
PE11.Locked=true
PE11.Signal=FMC_D8_DA8
PE12.Locked=true
PE12.Signal=FMC_D9_DA9
PE13.Locked=true
PE13.Signal=FMC_D10_DA10
PE14.Locked=true
PE14.Signal=FMC_D11_DA11
PE15.Locked=true
PE15.Signal=FMC_D12_DA12
PE7.Locked=true
PE7.Signal=FMC_D4_DA4
PE8.Locked=true
PE8.Signal=FMC_D5_DA5
PE9.Locked=true
PE9.Signal=FMC_D6_DA6
PF2.Locked=true
PF2.Signal=GPIO_Output
PF3.Locked=true
PF3.Signal=GPIO_Output
PF4.Locked=true
PF4.Signal=GPIO_Output
PF5.Locked=true
PF5.Signal=GPIO_Output
PG0.GPIOParameters=GPIO_PuPd
PG0.GPIO_PuPd=GPIO_PULLUP
PG0.Locked=true
PG0.Signal=GPIO_Input
PG1.GPIOParameters=GPIO_PuPd
PG1.GPIO_PuPd=GPIO_PULLUP
PG1.Locked=true
PG1.Signal=GPIO_Input
PG5.Locked=true
PG5.Signal=FMC_A15
PG6.GPIOParameters=GPIO_PuPd
PG6.GPIO_PuPd=GPIO_PULLUP
PG6.Locked=true
PG6.Signal=GPIO_Input
PG8.GPIOParameters=GPIO_PuPd
PG8.GPIO_PuPd=GPIO_PULLUP
PG8.Locked=true
PG8.Signal=GPIO_Input
PG9.Locked=true
PG9.Mode=Asynchronous
PG9.Signal=USART1_TX
PinOutPanel.RotationAngle=0
ProjectManager.AskForMigrate=true
ProjectManager.BackupPrevious=false
ProjectManager.CompilerLinker=GCC
ProjectManager.CompilerOptimize=6
ProjectManager.ComputerToolchain=false
ProjectManager.CoupleFile=false
ProjectManager.CustomerFirmwarePackage=
ProjectManager.DefaultFWLocation=true
ProjectManager.DeletePrevious=true
ProjectManager.DeviceId=STM32G474QETx
ProjectManager.FirmwarePackage=STM32Cube FW_G4 V1.6.3
ProjectManager.FreePins=false
ProjectManager.FreePinsContext=
ProjectManager.HalAssertFull=false
ProjectManager.HeapSize=0x200
ProjectManager.KeepUserCode=true
ProjectManager.LastFirmware=true
ProjectManager.LibraryCopy=1
ProjectManager.MainLocation=Core/Src
ProjectManager.NoMain=false
ProjectManager.PreviousToolchain=STM32CubeIDE
ProjectManager.ProjectBuild=false
ProjectManager.ProjectFileName=misko_blackjack.ioc
ProjectManager.ProjectName=misko_blackjack
ProjectManager.ProjectStructure=
ProjectManager.RegisterCallBack=
ProjectManager.StackSize=0x400
ProjectManager.TargetToolchain=STM32CubeIDE
ProjectManager.ToolChainLocation=
ProjectManager.UAScriptAfterPath=
ProjectManager.UAScriptBeforePath=
ProjectManager.UnderRoot=true
ProjectManager.functionlistsort=1-SystemClock_Config-RCC-false-HAL-false,2-MX_GPIO_Init-GPIO-false-LL-true,3-MX_DMA_Init-DMA-false-HAL-true,4-MX_ADC4_Init-ADC4-false-HAL-true,5-MX_FMC_Init-FMC-false-HAL-true,6-MX_TIM1_Init-TIM1-false-HAL-true,7-MX_TIM4_Init-TIM4-false-LL-true,8-MX_TIM6_Init-TIM6-false-LL-true,9-MX_USART3_UART_Init-USART3-false-LL-true,10-MX_RNG_Init-RNG-false-HAL-true,11-MX_USART1_UART_Init-USART1-false-HAL-true
RCC.ADC12Freq_Value=144000000
RCC.ADC345Freq_Value=144000000
RCC.AHBFreq_Value=144000000
RCC.APB1Freq_Value=144000000
RCC.APB1TimFreq_Value=144000000
RCC.APB2Freq_Value=144000000
RCC.APB2TimFreq_Value=144000000
RCC.CRSFreq_Value=48000000
RCC.CortexFreq_Value=144000000
RCC.EXTERNAL_CLOCK_VALUE=12288000
RCC.FCLKCortexFreq_Value=144000000
RCC.FDCANFreq_Value=144000000
RCC.FamilyName=M
RCC.HCLKFreq_Value=144000000
RCC.HRTIM1Freq_Value=144000000
RCC.HSE_VALUE=8000000
RCC.HSI48_VALUE=48000000
RCC.HSI_VALUE=16000000
RCC.I2C1Freq_Value=144000000
RCC.I2C2Freq_Value=144000000
RCC.I2C3Freq_Value=144000000
RCC.I2C4Freq_Value=144000000
RCC.I2SFreq_Value=144000000
RCC.IPParameters=ADC12Freq_Value,ADC345Freq_Value,AHBFreq_Value,APB1Freq_Value,APB1TimFreq_Value,APB2Freq_Value,APB2TimFreq_Value,CRSFreq_Value,CortexFreq_Value,EXTERNAL_CLOCK_VALUE,FCLKCortexFreq_Value,FDCANFreq_Value,FamilyName,HCLKFreq_Value,HRTIM1Freq_Value,HSE_VALUE,HSI48_VALUE,HSI_VALUE,I2C1Freq_Value,I2C2Freq_Value,I2C3Freq_Value,I2C4Freq_Value,I2SFreq_Value,LPTIM1Freq_Value,LPUART1Freq_Value,LSCOPinFreq_Value,LSE_VALUE,LSI_VALUE,MCO1PinFreq_Value,PLLN,PLLPoutputFreq_Value,PLLQ,PLLQoutputFreq_Value,PLLRCLKFreq_Value,PWRFreq_Value,QSPIFreq_Value,RNGFreq_Value,SAI1Freq_Value,SYSCLKFreq_VALUE,SYSCLKSource,UART4Freq_Value,UART5Freq_Value,USART1Freq_Value,USART2Freq_Value,USART3Freq_Value,USBFreq_Value,VCOInputFreq_Value,VCOOutputFreq_Value
RCC.LPTIM1Freq_Value=144000000
RCC.LPUART1Freq_Value=144000000
RCC.LSCOPinFreq_Value=32000
RCC.LSE_VALUE=32768
RCC.LSI_VALUE=32000
RCC.MCO1PinFreq_Value=16000000
RCC.PLLN=18
RCC.PLLPoutputFreq_Value=144000000
RCC.PLLQ=RCC_PLLQ_DIV6
RCC.PLLQoutputFreq_Value=48000000
RCC.PLLRCLKFreq_Value=144000000
RCC.PWRFreq_Value=144000000
RCC.QSPIFreq_Value=144000000
RCC.RNGFreq_Value=48000000
RCC.SAI1Freq_Value=144000000
RCC.SYSCLKFreq_VALUE=144000000
RCC.SYSCLKSource=RCC_SYSCLKSOURCE_PLLCLK
RCC.UART4Freq_Value=144000000
RCC.UART5Freq_Value=144000000
RCC.USART1Freq_Value=144000000
RCC.USART2Freq_Value=144000000
RCC.USART3Freq_Value=144000000
RCC.USBFreq_Value=48000000
RCC.VCOInputFreq_Value=16000000
RCC.VCOOutputFreq_Value=288000000
SH.FMC_A15.0=FMC_A15,A15_1
SH.FMC_A15.ConfNb=1
SH.FMC_D0_DA0.0=FMC_D0,16b-d1
SH.FMC_D0_DA0.ConfNb=1
SH.FMC_D10_DA10.0=FMC_D10,16b-d1
SH.FMC_D10_DA10.ConfNb=1
SH.FMC_D11_DA11.0=FMC_D11,16b-d1
SH.FMC_D11_DA11.ConfNb=1
SH.FMC_D12_DA12.0=FMC_D12,16b-d1
SH.FMC_D12_DA12.ConfNb=1
SH.FMC_D13_DA13.0=FMC_D13,16b-d1
SH.FMC_D13_DA13.ConfNb=1
SH.FMC_D14_DA14.0=FMC_D14,16b-d1
SH.FMC_D14_DA14.ConfNb=1
SH.FMC_D15_DA15.0=FMC_D15,16b-d1
SH.FMC_D15_DA15.ConfNb=1
SH.FMC_D1_DA1.0=FMC_D1,16b-d1
SH.FMC_D1_DA1.ConfNb=1
SH.FMC_D2_DA2.0=FMC_D2,16b-d1
SH.FMC_D2_DA2.ConfNb=1
SH.FMC_D3_DA3.0=FMC_D3,16b-d1
SH.FMC_D3_DA3.ConfNb=1
SH.FMC_D4_DA4.0=FMC_D4,16b-d1
SH.FMC_D4_DA4.ConfNb=1
SH.FMC_D5_DA5.0=FMC_D5,16b-d1
SH.FMC_D5_DA5.ConfNb=1
SH.FMC_D6_DA6.0=FMC_D6,16b-d1
SH.FMC_D6_DA6.ConfNb=1
SH.FMC_D7_DA7.0=FMC_D7,16b-d1
SH.FMC_D7_DA7.ConfNb=1
SH.FMC_D8_DA8.0=FMC_D8,16b-d1
SH.FMC_D8_DA8.ConfNb=1
SH.FMC_D9_DA9.0=FMC_D9,16b-d1
SH.FMC_D9_DA9.ConfNb=1
SH.FMC_NOE.0=FMC_NOE,Lcd1
SH.FMC_NOE.ConfNb=1
SH.FMC_NWE.0=FMC_NWE,Lcd1
SH.FMC_NWE.ConfNb=1
SH.S_TIM4_CH1.0=TIM4_CH1,PWM Generation1 CH1
SH.S_TIM4_CH1.ConfNb=1
TIM1.IPParameters=Prescaler,PeriodNoDither,TIM_MasterOutputTrigger2
TIM1.PeriodNoDither=99
TIM1.Prescaler=14999
TIM1.TIM_MasterOutputTrigger2=TIM_TRGO2_UPDATE
TIM4.Channel-PWM\ Generation1\ CH1=TIM_CHANNEL_1
TIM4.IPParameters=Channel-PWM Generation1 CH1,Prescaler,PeriodNoDither
TIM4.PeriodNoDither=99
TIM4.Prescaler=1439
TIM6.IPParameters=Prescaler,PeriodNoDither
TIM6.PeriodNoDither=49999
TIM6.Prescaler=143
USART1.BaudRate=38400
USART1.IPParameters=VirtualMode-Asynchronous,BaudRate
USART1.VirtualMode-Asynchronous=VM_ASYNC
USART3.IPParameters=VirtualMode-Asynchronous,OverrunDisableParam
USART3.OverrunDisableParam=ADVFEATURE_OVERRUN_DISABLE
USART3.VirtualMode-Asynchronous=VM_ASYNC
VP_RNG_VS_RNG.Mode=RNG_Activate
VP_RNG_VS_RNG.Signal=RNG_VS_RNG
VP_SYS_VS_DBSignals.Mode=DisableDeadBatterySignals
VP_SYS_VS_DBSignals.Signal=SYS_VS_DBSignals
VP_SYS_VS_Systick.Mode=SysTick
VP_SYS_VS_Systick.Signal=SYS_VS_Systick
VP_TIM1_VS_ClockSourceINT.Mode=Internal
VP_TIM1_VS_ClockSourceINT.Signal=TIM1_VS_ClockSourceINT
VP_TIM4_VS_ClockSourceINT.Mode=Internal
VP_TIM4_VS_ClockSourceINT.Signal=TIM4_VS_ClockSourceINT
VP_TIM6_VS_ClockSourceINT.Mode=Enable_Timer
VP_TIM6_VS_ClockSourceINT.Signal=TIM6_VS_ClockSourceINT
board=custom
